
Microsoft Visual Studio Solution File, Format Version 12.00
# Visual Studio Version 16
VisualStudioVersion = 16.0.29324.140
MinimumVisualStudioVersion = 10.0.40219.1
Project("{FAE04EC0-301F-11D3-BF4B-00C04F79EFBC}") = "WoT-Win", "WoT-Win\WoT-Win.csproj", "{8FE62075-DF5A-4266-8131-5FB240F59C79}"
EndProject
Project("{FAE04EC0-301F-11D3-BF4B-00C04F79EFBC}") = "ServerDLL", "ServerDLL\ServerDLL.csproj", "{12370746-2A00-40E0-AEBE-8398B605ABB3}"
EndProject
Project("{FAE04EC0-301F-11D3-BF4B-00C04F79EFBC}") = "WoTServer", "WoTServer\WoTServer.csproj", "{97816CB6-8316-4B78-819D-BE7D5339D8D5}"
EndProject
Project("{FAE04EC0-301F-11D3-BF4B-00C04F79EFBC}") = "KernelDLL", "KernelDLL\KernelDLL.csproj", "{2CE33632-7C89-4EA2-8E12-A0F9358EEE14}"
EndProject
Project("{2150E333-8FDC-42A3-9474-1A3956D46DE8}") = "Solution Items", "Solution Items", "{E54A87C1-7EF2-4C06-9896-A7EC819E725C}"
	ProjectSection(SolutionItems) = preProject
		Notas.txt = Notas.txt
	EndProjectSection
EndProject
Project("{FAE04EC0-301F-11D3-BF4B-00C04F79EFBC}") = "CoreDatabase", "CoreDatabase\CoreDatabase.csproj", "{44CE7DCA-EA96-401B-919E-44D71A18E567}"
EndProject
Project("{FAE04EC0-301F-11D3-BF4B-00C04F79EFBC}") = "ClientDLL", "ClientDLL\ClientDLL.csproj", "{75ADB994-71D7-474C-8123-472C8DF85BF2}"
EndProject
Global
	GlobalSection(SolutionConfigurationPlatforms) = preSolution
		Debug|Any CPU = Debug|Any CPU
		Release|Any CPU = Release|Any CPU
	EndGlobalSection
	GlobalSection(ProjectConfigurationPlatforms) = postSolution
		{8FE62075-DF5A-4266-8131-5FB240F59C79}.Debug|Any CPU.ActiveCfg = Debug|Any CPU
		{8FE62075-DF5A-4266-8131-5FB240F59C79}.Debug|Any CPU.Build.0 = Debug|Any CPU
		{8FE62075-DF5A-4266-8131-5FB240F59C79}.Release|Any CPU.ActiveCfg = Release|Any CPU
		{8FE62075-DF5A-4266-8131-5FB240F59C79}.Release|Any CPU.Build.0 = Release|Any CPU
		{12370746-2A00-40E0-AEBE-8398B605ABB3}.Debug|Any CPU.ActiveCfg = Debug|Any CPU
		{12370746-2A00-40E0-AEBE-8398B605ABB3}.Debug|Any CPU.Build.0 = Debug|Any CPU
		{12370746-2A00-40E0-AEBE-8398B605ABB3}.Release|Any CPU.ActiveCfg = Release|Any CPU
		{12370746-2A00-40E0-AEBE-8398B605ABB3}.Release|Any CPU.Build.0 = Release|Any CPU
		{97816CB6-8316-4B78-819D-BE7D5339D8D5}.Debug|Any CPU.ActiveCfg = Debug|Any CPU
		{97816CB6-8316-4B78-819D-BE7D5339D8D5}.Debug|Any CPU.Build.0 = Debug|Any CPU
		{97816CB6-8316-4B78-819D-BE7D5339D8D5}.Release|Any CPU.ActiveCfg = Release|Any CPU
		{97816CB6-8316-4B78-819D-BE7D5339D8D5}.Release|Any CPU.Build.0 = Release|Any CPU
		{2CE33632-7C89-4EA2-8E12-A0F9358EEE14}.Debug|Any CPU.ActiveCfg = Debug|Any CPU
		{2CE33632-7C89-4EA2-8E12-A0F9358EEE14}.Debug|Any CPU.Build.0 = Debug|Any CPU
		{2CE33632-7C89-4EA2-8E12-A0F9358EEE14}.Release|Any CPU.ActiveCfg = Release|Any CPU
		{2CE33632-7C89-4EA2-8E12-A0F9358EEE14}.Release|Any CPU.Build.0 = Release|Any CPU
		{44CE7DCA-EA96-401B-919E-44D71A18E567}.Debug|Any CPU.ActiveCfg = Debug|Any CPU
		{44CE7DCA-EA96-401B-919E-44D71A18E567}.Debug|Any CPU.Build.0 = Debug|Any CPU
		{44CE7DCA-EA96-401B-919E-44D71A18E567}.Release|Any CPU.ActiveCfg = Release|Any CPU
		{44CE7DCA-EA96-401B-919E-44D71A18E567}.Release|Any CPU.Build.0 = Release|Any CPU
		{75ADB994-71D7-474C-8123-472C8DF85BF2}.Debug|Any CPU.ActiveCfg = Debug|Any CPU
		{75ADB994-71D7-474C-8123-472C8DF85BF2}.Debug|Any CPU.Build.0 = Debug|Any CPU
		{75ADB994-71D7-474C-8123-472C8DF85BF2}.Release|Any CPU.ActiveCfg = Release|Any CPU
		{75ADB994-71D7-474C-8123-472C8DF85BF2}.Release|Any CPU.Build.0 = Release|Any CPU
	EndGlobalSection
	GlobalSection(SolutionProperties) = preSolution
		HideSolutionNode = FALSE
	EndGlobalSection
	GlobalSection(ExtensibilityGlobals) = postSolution
		SolutionGuid = {0C4732D3-3AD9-438C-BCC4-B4E747808EC4}
	EndGlobalSection
EndGlobal
